// !$*UTF8*$!
{
	archiveVersion = 1;
	classes = {
	};
	objectVersion = 50;
	objects = {

/* Begin PBXBuildFile section */
		DB13A4EC2277EED8004F9CD4 /* AYPhotoDetailCell.swift in Sources */ = {isa = PBXBuildFile; fileRef = DB13A4EB2277EED8004F9CD4 /* AYPhotoDetailCell.swift */; };
		DB13A4EF227843D9004F9CD4 /* AYImageBrower.swift in Sources */ = {isa = PBXBuildFile; fileRef = DB13A4EE227843D9004F9CD4 /* AYImageBrower.swift */; };
		DB3E03AD226E9E5D00F8A1E5 /* AYTools.swift in Sources */ = {isa = PBXBuildFile; fileRef = DB3E03AC226E9E5D00F8A1E5 /* AYTools.swift */; };
		DB3E03AF226E9EB900F8A1E5 /* AYAlert.swift in Sources */ = {isa = PBXBuildFile; fileRef = DB3E03AE226E9EB900F8A1E5 /* AYAlert.swift */; };
		DB3E03B1226E9F4700F8A1E5 /* AYAssets.xcassets in Resources */ = {isa = PBXBuildFile; fileRef = DB3E03B0226E9F4700F8A1E5 /* AYAssets.xcassets */; };
		DB3E03B3226EA45600F8A1E5 /* AYActionSheet.swift in Sources */ = {isa = PBXBuildFile; fileRef = DB3E03B2226EA45600F8A1E5 /* AYActionSheet.swift */; };
		DB3E03B5226EAA5200F8A1E5 /* AYPicker.swift in Sources */ = {isa = PBXBuildFile; fileRef = DB3E03B4226EAA5200F8A1E5 /* AYPicker.swift */; };
		DB3E03B8226EE55000F8A1E5 /* AYProgressHUD.swift in Sources */ = {isa = PBXBuildFile; fileRef = DB3E03B7226EE55000F8A1E5 /* AYProgressHUD.swift */; };
		DBAC56122268829D00991542 /* AppDelegate.swift in Sources */ = {isa = PBXBuildFile; fileRef = DBAC56112268829D00991542 /* AppDelegate.swift */; };
		DBAC56192268829F00991542 /* Assets.xcassets in Resources */ = {isa = PBXBuildFile; fileRef = DBAC56182268829F00991542 /* Assets.xcassets */; };
		DBAC561C2268829F00991542 /* LaunchScreen.storyboard in Resources */ = {isa = PBXBuildFile; fileRef = DBAC561A2268829F00991542 /* LaunchScreen.storyboard */; };
		DBB28112227575DE0009FFB5 /* AYPhotoPicker.swift in Sources */ = {isa = PBXBuildFile; fileRef = DBB28111227575DE0009FFB5 /* AYPhotoPicker.swift */; };
		DBB28114227586510009FFB5 /* AYPhotoDetail.swift in Sources */ = {isa = PBXBuildFile; fileRef = DBB28113227586510009FFB5 /* AYPhotoDetail.swift */; };
		DBD5F02022695AEA00974736 /* MainViewController.swift in Sources */ = {isa = PBXBuildFile; fileRef = DBD5F01F22695AEA00974736 /* MainViewController.swift */; };
		DBD5F03022695DDC00974736 /* UIView+FrameExtension.swift in Sources */ = {isa = PBXBuildFile; fileRef = DBD5F02922695DDB00974736 /* UIView+FrameExtension.swift */; };
		DBD5F03122695DDC00974736 /* UIImage+Extension.swift in Sources */ = {isa = PBXBuildFile; fileRef = DBD5F02A22695DDC00974736 /* UIImage+Extension.swift */; };
		DBD5F03222695DDC00974736 /* Date+Extension.swift in Sources */ = {isa = PBXBuildFile; fileRef = DBD5F02B22695DDC00974736 /* Date+Extension.swift */; };
		DBD5F03322695DDC00974736 /* CLLocation+Extension.swift in Sources */ = {isa = PBXBuildFile; fileRef = DBD5F02C22695DDC00974736 /* CLLocation+Extension.swift */; };
		DBD5F03422695DDC00974736 /* String+Extension.swift in Sources */ = {isa = PBXBuildFile; fileRef = DBD5F02D22695DDC00974736 /* String+Extension.swift */; };
		DBD5F03522695DDC00974736 /* NSDecimalNumber+Extension.swift in Sources */ = {isa = PBXBuildFile; fileRef = DBD5F02E22695DDC00974736 /* NSDecimalNumber+Extension.swift */; };
		DBD5F03622695DDC00974736 /* UIColor+Extension.swift in Sources */ = {isa = PBXBuildFile; fileRef = DBD5F02F22695DDC00974736 /* UIColor+Extension.swift */; };
		DBD5F038226961D300974736 /* AYToast.swift in Sources */ = {isa = PBXBuildFile; fileRef = DBD5F037226961D300974736 /* AYToast.swift */; };
/* End PBXBuildFile section */

/* Begin PBXFileReference section */
		DB13A4EB2277EED8004F9CD4 /* AYPhotoDetailCell.swift */ = {isa = PBXFileReference; lastKnownFileType = sourcecode.swift; path = AYPhotoDetailCell.swift; sourceTree = "<group>"; };
		DB13A4EE227843D9004F9CD4 /* AYImageBrower.swift */ = {isa = PBXFileReference; lastKnownFileType = sourcecode.swift; path = AYImageBrower.swift; sourceTree = "<group>"; };
		DB3E03AC226E9E5D00F8A1E5 /* AYTools.swift */ = {isa = PBXFileReference; fileEncoding = 4; lastKnownFileType = sourcecode.swift; path = AYTools.swift; sourceTree = "<group>"; };
		DB3E03AE226E9EB900F8A1E5 /* AYAlert.swift */ = {isa = PBXFileReference; fileEncoding = 4; lastKnownFileType = sourcecode.swift; path = AYAlert.swift; sourceTree = "<group>"; };
		DB3E03B0226E9F4700F8A1E5 /* AYAssets.xcassets */ = {isa = PBXFileReference; lastKnownFileType = folder.assetcatalog; path = AYAssets.xcassets; sourceTree = "<group>"; };
		DB3E03B2226EA45600F8A1E5 /* AYActionSheet.swift */ = {isa = PBXFileReference; fileEncoding = 4; lastKnownFileType = sourcecode.swift; path = AYActionSheet.swift; sourceTree = "<group>"; };
		DB3E03B4226EAA5200F8A1E5 /* AYPicker.swift */ = {isa = PBXFileReference; fileEncoding = 4; lastKnownFileType = sourcecode.swift; path = AYPicker.swift; sourceTree = "<group>"; };
		DB3E03B7226EE55000F8A1E5 /* AYProgressHUD.swift */ = {isa = PBXFileReference; lastKnownFileType = sourcecode.swift; path = AYProgressHUD.swift; sourceTree = "<group>"; };
		DBAC560E2268829D00991542 /* AYSwiftM.app */ = {isa = PBXFileReference; explicitFileType = wrapper.application; includeInIndex = 0; path = AYSwiftM.app; sourceTree = BUILT_PRODUCTS_DIR; };
		DBAC56112268829D00991542 /* AppDelegate.swift */ = {isa = PBXFileReference; lastKnownFileType = sourcecode.swift; path = AppDelegate.swift; sourceTree = "<group>"; };
		DBAC56182268829F00991542 /* Assets.xcassets */ = {isa = PBXFileReference; lastKnownFileType = folder.assetcatalog; path = Assets.xcassets; sourceTree = "<group>"; };
		DBAC561B2268829F00991542 /* Base */ = {isa = PBXFileReference; lastKnownFileType = file.storyboard; name = Base; path = Base.lproj/LaunchScreen.storyboard; sourceTree = "<group>"; };
		DBAC561D2268829F00991542 /* Info.plist */ = {isa = PBXFileReference; lastKnownFileType = text.plist.xml; path = Info.plist; sourceTree = "<group>"; };
		DBB28111227575DE0009FFB5 /* AYPhotoPicker.swift */ = {isa = PBXFileReference; lastKnownFileType = sourcecode.swift; path = AYPhotoPicker.swift; sourceTree = "<group>"; };
		DBB28113227586510009FFB5 /* AYPhotoDetail.swift */ = {isa = PBXFileReference; lastKnownFileType = sourcecode.swift; path = AYPhotoDetail.swift; sourceTree = "<group>"; };
		DBD5F01F22695AEA00974736 /* MainViewController.swift */ = {isa = PBXFileReference; lastKnownFileType = sourcecode.swift; path = MainViewController.swift; sourceTree = "<group>"; };
		DBD5F02922695DDB00974736 /* UIView+FrameExtension.swift */ = {isa = PBXFileReference; fileEncoding = 4; lastKnownFileType = sourcecode.swift; path = "UIView+FrameExtension.swift"; sourceTree = "<group>"; };
		DBD5F02A22695DDC00974736 /* UIImage+Extension.swift */ = {isa = PBXFileReference; fileEncoding = 4; lastKnownFileType = sourcecode.swift; path = "UIImage+Extension.swift"; sourceTree = "<group>"; };
		DBD5F02B22695DDC00974736 /* Date+Extension.swift */ = {isa = PBXFileReference; fileEncoding = 4; lastKnownFileType = sourcecode.swift; path = "Date+Extension.swift"; sourceTree = "<group>"; };
		DBD5F02C22695DDC00974736 /* CLLocation+Extension.swift */ = {isa = PBXFileReference; fileEncoding = 4; lastKnownFileType = sourcecode.swift; path = "CLLocation+Extension.swift"; sourceTree = "<group>"; };
		DBD5F02D22695DDC00974736 /* String+Extension.swift */ = {isa = PBXFileReference; fileEncoding = 4; lastKnownFileType = sourcecode.swift; path = "String+Extension.swift"; sourceTree = "<group>"; };
		DBD5F02E22695DDC00974736 /* NSDecimalNumber+Extension.swift */ = {isa = PBXFileReference; fileEncoding = 4; lastKnownFileType = sourcecode.swift; path = "NSDecimalNumber+Extension.swift"; sourceTree = "<group>"; };
		DBD5F02F22695DDC00974736 /* UIColor+Extension.swift */ = {isa = PBXFileReference; fileEncoding = 4; lastKnownFileType = sourcecode.swift; path = "UIColor+Extension.swift"; sourceTree = "<group>"; };
		DBD5F037226961D300974736 /* AYToast.swift */ = {isa = PBXFileReference; fileEncoding = 4; lastKnownFileType = sourcecode.swift; path = AYToast.swift; sourceTree = "<group>"; };
/* End PBXFileReference section */

/* Begin PBXFrameworksBuildPhase section */
		DBAC560B2268829D00991542 /* Frameworks */ = {
			isa = PBXFrameworksBuildPhase;
			buildActionMask = 2147483647;
			files = (
			);
			runOnlyForDeploymentPostprocessing = 0;
		};
/* End PBXFrameworksBuildPhase section */

/* Begin PBXGroup section */
		DB13A4ED227843B0004F9CD4 /* AYImageBrower */ = {
			isa = PBXGroup;
			children = (
				DB13A4EE227843D9004F9CD4 /* AYImageBrower.swift */,
			);
			path = AYImageBrower;
			sourceTree = "<group>";
		};
		DB3E03B6226EAF6B00F8A1E5 /* AYProgressHUD */ = {
			isa = PBXGroup;
			children = (
				DB3E03B7226EE55000F8A1E5 /* AYProgressHUD.swift */,
			);
			path = AYProgressHUD;
			sourceTree = "<group>";
		};
		DBAC56052268829D00991542 = {
			isa = PBXGroup;
			children = (
				DBAC56102268829D00991542 /* AYSwiftM */,
				DBAC560F2268829D00991542 /* Products */,
			);
			sourceTree = "<group>";
		};
		DBAC560F2268829D00991542 /* Products */ = {
			isa = PBXGroup;
			children = (
				DBAC560E2268829D00991542 /* AYSwiftM.app */,
			);
			name = Products;
			sourceTree = "<group>";
		};
		DBAC56102268829D00991542 /* AYSwiftM */ = {
			isa = PBXGroup;
			children = (
				DBAC56112268829D00991542 /* AppDelegate.swift */,
				DBD5F01F22695AEA00974736 /* MainViewController.swift */,
				DBD5F02122695C4700974736 /* Demo */,
				DBD5F02322695D6900974736 /* Extension */,
				DBD5F02222695C4700974736 /* Lib */,
				DBAC56182268829F00991542 /* Assets.xcassets */,
				DBAC561A2268829F00991542 /* LaunchScreen.storyboard */,
				DBAC561D2268829F00991542 /* Info.plist */,
			);
			path = AYSwiftM;
			sourceTree = "<group>";
		};
		DBB28110227575B70009FFB5 /* AYPhotoPicker */ = {
			isa = PBXGroup;
			children = (
				DBB28111227575DE0009FFB5 /* AYPhotoPicker.swift */,
				DBB28113227586510009FFB5 /* AYPhotoDetail.swift */,
				DB13A4EB2277EED8004F9CD4 /* AYPhotoDetailCell.swift */,
			);
			path = AYPhotoPicker;
			sourceTree = "<group>";
		};
		DBD5F02122695C4700974736 /* Demo */ = {
			isa = PBXGroup;
			children = (
			);
			path = Demo;
			sourceTree = "<group>";
		};
		DBD5F02222695C4700974736 /* Lib */ = {
			isa = PBXGroup;
			children = (
				DB3E03AC226E9E5D00F8A1E5 /* AYTools.swift */,
				DB13A4ED227843B0004F9CD4 /* AYImageBrower */,
				DBB28110227575B70009FFB5 /* AYPhotoPicker */,
				DB3E03B6226EAF6B00F8A1E5 /* AYProgressHUD */,
				DBD5F02722695D7A00974736 /* AYToast */,
				DBD5F02622695D7A00974736 /* AYActionSheet */,
				DBD5F02422695D7A00974736 /* AYAlert */,
				DBD5F02522695D7A00974736 /* AYPicker */,
				DB3E03B0226E9F4700F8A1E5 /* AYAssets.xcassets */,
			);
			path = Lib;
			sourceTree = "<group>";
		};
		DBD5F02322695D6900974736 /* Extension */ = {
			isa = PBXGroup;
			children = (
				DBD5F02922695DDB00974736 /* UIView+FrameExtension.swift */,
				DBD5F02C22695DDC00974736 /* CLLocation+Extension.swift */,
				DBD5F02B22695DDC00974736 /* Date+Extension.swift */,
				DBD5F02E22695DDC00974736 /* NSDecimalNumber+Extension.swift */,
				DBD5F02D22695DDC00974736 /* String+Extension.swift */,
				DBD5F02F22695DDC00974736 /* UIColor+Extension.swift */,
				DBD5F02A22695DDC00974736 /* UIImage+Extension.swift */,
			);
			path = Extension;
			sourceTree = "<group>";
		};
		DBD5F02422695D7A00974736 /* AYAlert */ = {
			isa = PBXGroup;
			children = (
				DB3E03AE226E9EB900F8A1E5 /* AYAlert.swift */,
			);
			path = AYAlert;
			sourceTree = "<group>";
		};
		DBD5F02522695D7A00974736 /* AYPicker */ = {
			isa = PBXGroup;
			children = (
				DB3E03B4226EAA5200F8A1E5 /* AYPicker.swift */,
			);
			path = AYPicker;
			sourceTree = "<group>";
		};
		DBD5F02622695D7A00974736 /* AYActionSheet */ = {
			isa = PBXGroup;
			children = (
				DB3E03B2226EA45600F8A1E5 /* AYActionSheet.swift */,
			);
			path = AYActionSheet;
			sourceTree = "<group>";
		};
		DBD5F02722695D7A00974736 /* AYToast */ = {
			isa = PBXGroup;
			children = (
				DBD5F037226961D300974736 /* AYToast.swift */,
			);
			path = AYToast;
			sourceTree = "<group>";
		};
/* End PBXGroup section */

/* Begin PBXNativeTarget section */
		DBAC560D2268829D00991542 /* AYSwiftM */ = {
			isa = PBXNativeTarget;
			buildConfigurationList = DBAC56202268829F00991542 /* Build configuration list for PBXNativeTarget "AYSwiftM" */;
			buildPhases = (
				DBAC560A2268829D00991542 /* Sources */,
				DBAC560B2268829D00991542 /* Frameworks */,
				DBAC560C2268829D00991542 /* Resources */,
			);
			buildRules = (
			);
			dependencies = (
			);
			name = AYSwiftM;
			productName = AYSwiftM;
			productReference = DBAC560E2268829D00991542 /* AYSwiftM.app */;
			productType = "com.apple.product-type.application";
		};
/* End PBXNativeTarget section */

/* Begin PBXProject section */
		DBAC56062268829D00991542 /* Project object */ = {
			isa = PBXProject;
			attributes = {
				LastSwiftUpdateCheck = 1020;
				LastUpgradeCheck = 1020;
				ORGANIZATIONNAME = zw;
				TargetAttributes = {
					DBAC560D2268829D00991542 = {
						CreatedOnToolsVersion = 10.2;
					};
				};
			};
			buildConfigurationList = DBAC56092268829D00991542 /* Build configuration list for PBXProject "AYSwiftM" */;
			compatibilityVersion = "Xcode 9.3";
			developmentRegion = en;
			hasScannedForEncodings = 0;
			knownRegions = (
				en,
				Base,
			);
			mainGroup = DBAC56052268829D00991542;
			productRefGroup = DBAC560F2268829D00991542 /* Products */;
			projectDirPath = "";
			projectRoot = "";
			targets = (
				DBAC560D2268829D00991542 /* AYSwiftM */,
			);
		};
/* End PBXProject section */

/* Begin PBXResourcesBuildPhase section */
		DBAC560C2268829D00991542 /* Resources */ = {
			isa = PBXResourcesBuildPhase;
			buildActionMask = 2147483647;
			files = (
				DBAC561C2268829F00991542 /* LaunchScreen.storyboard in Resources */,
				DBAC56192268829F00991542 /* Assets.xcassets in Resources */,
				DB3E03B1226E9F4700F8A1E5 /* AYAssets.xcassets in Resources */,
			);
			runOnlyForDeploymentPostprocessing = 0;
		};
/* End PBXResourcesBuildPhase section */

/* Begin PBXSourcesBuildPhase section */
		DBAC560A2268829D00991542 /* Sources */ = {
			isa = PBXSourcesBuildPhase;
			buildActionMask = 2147483647;
			files = (
				DBB28112227575DE0009FFB5 /* AYPhotoPicker.swift in Sources */,
				DBD5F03222695DDC00974736 /* Date+Extension.swift in Sources */,
				DBD5F03422695DDC00974736 /* String+Extension.swift in Sources */,
				DBD5F03322695DDC00974736 /* CLLocation+Extension.swift in Sources */,
				DBD5F03622695DDC00974736 /* UIColor+Extension.swift in Sources */,
				DBD5F03522695DDC00974736 /* NSDecimalNumber+Extension.swift in Sources */,
				DBB28114227586510009FFB5 /* AYPhotoDetail.swift in Sources */,
				DBD5F038226961D300974736 /* AYToast.swift in Sources */,
				DB13A4EF227843D9004F9CD4 /* AYImageBrower.swift in Sources */,
				DBD5F02022695AEA00974736 /* MainViewController.swift in Sources */,
				DB3E03B8226EE55000F8A1E5 /* AYProgressHUD.swift in Sources */,
				DB3E03B5226EAA5200F8A1E5 /* AYPicker.swift in Sources */,
				DB13A4EC2277EED8004F9CD4 /* AYPhotoDetailCell.swift in Sources */,
				DBD5F03022695DDC00974736 /* UIView+FrameExtension.swift in Sources */,
				DBAC56122268829D00991542 /* AppDelegate.swift in Sources */,
				DBD5F03122695DDC00974736 /* UIImage+Extension.swift in Sources */,
				DB3E03AF226E9EB900F8A1E5 /* AYAlert.swift in Sources */,
				DB3E03AD226E9E5D00F8A1E5 /* AYTools.swift in Sources */,
				DB3E03B3226EA45600F8A1E5 /* AYActionSheet.swift in Sources */,
			);
			runOnlyForDeploymentPostprocessing = 0;
		};
/* End PBXSourcesBuildPhase section */

/* Begin PBXVariantGroup section */
		DBAC561A2268829F00991542 /* LaunchScreen.storyboard */ = {
			isa = PBXVariantGroup;
			children = (
				DBAC561B2268829F00991542 /* Base */,
			);
			name = LaunchScreen.storyboard;
			sourceTree = "<group>";
		};
/* End PBXVariantGroup section */

/* Begin XCBuildConfiguration section */
		DBAC561E2268829F00991542 /* Debug */ = {
			isa = XCBuildConfiguration;
			buildSettings = {
				ALWAYS_SEARCH_USER_PATHS = NO;
				CLANG_ANALYZER_NONNULL = YES;
				CLANG_ANALYZER_NUMBER_OBJECT_CONVERSION = YES_AGGRESSIVE;
				CLANG_CXX_LANGUAGE_STANDARD = "gnu++14";
				CLANG_CXX_LIBRARY = "libc++";
				CLANG_ENABLE_MODULES = YES;
				CLANG_ENABLE_OBJC_ARC = YES;
				CLANG_ENABLE_OBJC_WEAK = YES;
				CLANG_WARN_BLOCK_CAPTURE_AUTORELEASING = YES;
				CLANG_WARN_BOOL_CONVERSION = YES;
				CLANG_WARN_COMMA = YES;
				CLANG_WARN_CONSTANT_CONVERSION = YES;
				CLANG_WARN_DEPRECATED_OBJC_IMPLEMENTATIONS = YES;
				CLANG_WARN_DIRECT_OBJC_ISA_USAGE = YES_ERROR;
				CLANG_WARN_DOCUMENTATION_COMMENTS = YES;
				CLANG_WARN_EMPTY_BODY = YES;
				CLANG_WARN_ENUM_CONVERSION = YES;
				CLANG_WARN_INFINITE_RECURSION = YES;
				CLANG_WARN_INT_CONVERSION = YES;
				CLANG_WARN_NON_LITERAL_NULL_CONVERSION = YES;
				CLANG_WARN_OBJC_IMPLICIT_RETAIN_SELF = YES;
				CLANG_WARN_OBJC_LITERAL_CONVERSION = YES;
				CLANG_WARN_OBJC_ROOT_CLASS = YES_ERROR;
				CLANG_WARN_RANGE_LOOP_ANALYSIS = YES;
				CLANG_WARN_STRICT_PROTOTYPES = YES;
				CLANG_WARN_SUSPICIOUS_MOVE = YES;
				CLANG_WARN_UNGUARDED_AVAILABILITY = YES_AGGRESSIVE;
				CLANG_WARN_UNREACHABLE_CODE = YES;
				CLANG_WARN__DUPLICATE_METHOD_MATCH = YES;
				CODE_SIGN_IDENTITY = "iPhone Developer";
				COPY_PHASE_STRIP = NO;
				DEBUG_INFORMATION_FORMAT = dwarf;
				ENABLE_STRICT_OBJC_MSGSEND = YES;
				ENABLE_TESTABILITY = YES;
				GCC_C_LANGUAGE_STANDARD = gnu11;
				GCC_DYNAMIC_NO_PIC = NO;
				GCC_NO_COMMON_BLOCKS = YES;
				GCC_OPTIMIZATION_LEVEL = 0;
				GCC_PREPROCESSOR_DEFINITIONS = (
					"DEBUG=1",
					"$(inherited)",
				);
				GCC_WARN_64_TO_32_BIT_CONVERSION = YES;
				GCC_WARN_ABOUT_RETURN_TYPE = YES_ERROR;
				GCC_WARN_UNDECLARED_SELECTOR = YES;
				GCC_WARN_UNINITIALIZED_AUTOS = YES_AGGRESSIVE;
				GCC_WARN_UNUSED_FUNCTION = YES;
				GCC_WARN_UNUSED_VARIABLE = YES;
				IPHONEOS_DEPLOYMENT_TARGET = 12.2;
				MTL_ENABLE_DEBUG_INFO = INCLUDE_SOURCE;
				MTL_FAST_MATH = YES;
				ONLY_ACTIVE_ARCH = YES;
				SDKROOT = iphoneos;
				SWIFT_ACTIVE_COMPILATION_CONDITIONS = DEBUG;
				SWIFT_OPTIMIZATION_LEVEL = "-Onone";
			};
			name = Debug;
		};
		DBAC561F2268829F00991542 /* Release */ = {
			isa = XCBuildConfiguration;
			buildSettings = {
				ALWAYS_SEARCH_USER_PATHS = NO;
				CLANG_ANALYZER_NONNULL = YES;
				CLANG_ANALYZER_NUMBER_OBJECT_CONVERSION = YES_AGGRESSIVE;
				CLANG_CXX_LANGUAGE_STANDARD = "gnu++14";
				CLANG_CXX_LIBRARY = "libc++";
				CLANG_ENABLE_MODULES = YES;
				CLANG_ENABLE_OBJC_ARC = YES;
				CLANG_ENABLE_OBJC_WEAK = YES;
				CLANG_WARN_BLOCK_CAPTURE_AUTORELEASING = YES;
				CLANG_WARN_BOOL_CONVERSION = YES;
				CLANG_WARN_COMMA = YES;
				CLANG_WARN_CONSTANT_CONVERSION = YES;
				CLANG_WARN_DEPRECATED_OBJC_IMPLEMENTATIONS = YES;
				CLANG_WARN_DIRECT_OBJC_ISA_USAGE = YES_ERROR;
				CLANG_WARN_DOCUMENTATION_COMMENTS = YES;
				CLANG_WARN_EMPTY_BODY = YES;
				CLANG_WARN_ENUM_CONVERSION = YES;
				CLANG_WARN_INFINITE_RECURSION = YES;
				CLANG_WARN_INT_CONVERSION = YES;
				CLANG_WARN_NON_LITERAL_NULL_CONVERSION = YES;
				CLANG_WARN_OBJC_IMPLICIT_RETAIN_SELF = YES;
				CLANG_WARN_OBJC_LITERAL_CONVERSION = YES;
				CLANG_WARN_OBJC_ROOT_CLASS = YES_ERROR;
				CLANG_WARN_RANGE_LOOP_ANALYSIS = YES;
				CLANG_WARN_STRICT_PROTOTYPES = YES;
				CLANG_WARN_SUSPICIOUS_MOVE = YES;
				CLANG_WARN_UNGUARDED_AVAILABILITY = YES_AGGRESSIVE;
				CLANG_WARN_UNREACHABLE_CODE = YES;
				CLANG_WARN__DUPLICATE_METHOD_MATCH = YES;
				CODE_SIGN_IDENTITY = "iPhone Developer";
				COPY_PHASE_STRIP = NO;
				DEBUG_INFORMATION_FORMAT = "dwarf-with-dsym";
				ENABLE_NS_ASSERTIONS = NO;
				ENABLE_STRICT_OBJC_MSGSEND = YES;
				GCC_C_LANGUAGE_STANDARD = gnu11;
				GCC_NO_COMMON_BLOCKS = YES;
				GCC_WARN_64_TO_32_BIT_CONVERSION = YES;
				GCC_WARN_ABOUT_RETURN_TYPE = YES_ERROR;
				GCC_WARN_UNDECLARED_SELECTOR = YES;
				GCC_WARN_UNINITIALIZED_AUTOS = YES_AGGRESSIVE;
				GCC_WARN_UNUSED_FUNCTION = YES;
				GCC_WARN_UNUSED_VARIABLE = YES;
				IPHONEOS_DEPLOYMENT_TARGET = 12.2;
				MTL_ENABLE_DEBUG_INFO = NO;
				MTL_FAST_MATH = YES;
				SDKROOT = iphoneos;
				SWIFT_COMPILATION_MODE = wholemodule;
				SWIFT_OPTIMIZATION_LEVEL = "-O";
				VALIDATE_PRODUCT = YES;
			};
			name = Release;
		};
		DBAC56212268829F00991542 /* Debug */ = {
			isa = XCBuildConfiguration;
			buildSettings = {
				ASSETCATALOG_COMPILER_APPICON_NAME = AppIcon;
				CODE_SIGN_STYLE = Manual;
				DEVELOPMENT_TEAM = 68USQN444E;
				INFOPLIST_FILE = AYSwiftM/Info.plist;
				IPHONEOS_DEPLOYMENT_TARGET = 9.0;
				LD_RUNPATH_SEARCH_PATHS = (
					"$(inherited)",
					"@executable_path/Frameworks",
				);
				PRODUCT_BUNDLE_IDENTIFIER = com.zw.AYSwiftM;
				PRODUCT_NAME = "$(TARGET_NAME)";
				PROVISIONING_PROFILE_SPECIFIER = developForAllApp;
				SWIFT_VERSION = 5.0;
				TARGETED_DEVICE_FAMILY = 1;
			};
			name = Debug;
		};
		DBAC56222268829F00991542 /* Release */ = {
			isa = XCBuildConfiguration;
			buildSettings = {
				ASSETCATALOG_COMPILER_APPICON_NAME = AppIcon;
				CODE_SIGN_STYLE = Manual;
				DEVELOPMENT_TEAM = 68USQN444E;
				INFOPLIST_FILE = AYSwiftM/Info.plist;
				IPHONEOS_DEPLOYMENT_TARGET = 9.0;
				LD_RUNPATH_SEARCH_PATHS = (
					"$(inherited)",
					"@executable_path/Frameworks",
				);
				PRODUCT_BUNDLE_IDENTIFIER = com.zw.AYSwiftM;
				PRODUCT_NAME = "$(TARGET_NAME)";
				PROVISIONING_PROFILE_SPECIFIER = developForAllApp;
				SWIFT_VERSION = 5.0;
				TARGETED_DEVICE_FAMILY = 1;
			};
			name = Release;
		};
/* End XCBuildConfiguration section */

/* Begin XCConfigurationList section */
		DBAC56092268829D00991542 /* Build configuration list for PBXProject "AYSwiftM" */ = {
			isa = XCConfigurationList;
			buildConfigurations = (
				DBAC561E2268829F00991542 /* Debug */,
				DBAC561F2268829F00991542 /* Release */,
			);
			defaultConfigurationIsVisible = 0;
			defaultConfigurationName = Release;
		};
		DBAC56202268829F00991542 /* Build configuration list for PBXNativeTarget "AYSwiftM" */ = {
			isa = XCConfigurationList;
			buildConfigurations = (
				DBAC56212268829F00991542 /* Debug */,
				DBAC56222268829F00991542 /* Release */,
			);
			defaultConfigurationIsVisible = 0;
			defaultConfigurationName = Release;
		};
/* End XCConfigurationList section */
	};
	rootObject = DBAC56062268829D00991542 /* Project object */;
}
